{
  "version": 1,
  "dependencies": {
    ".NETCoreApp,Version=v3.1": {
      "Hangfire.AspNetCore": {
        "type": "Direct",
        "requested": "[1.7.17, )",
        "resolved": "1.7.17",
        "contentHash": "iaxRkEyerLk03x0f7c0uGAwBD83IGEi/Xmlvezka+y/4ofzXrbAYmkGJ4wTiJCIH6K7jqN+jkGAmP3dOKVPnGw==",
        "dependencies": {
          "Hangfire.Core": "[1.7.17]"
        }
      },
      "Hangfire.Redis.StackExchange": {
        "type": "Direct",
        "requested": "[1.8.4, )",
        "resolved": "1.8.4",
        "contentHash": "0nVAwP5lt5JdDaCvHJ2oBHRB4JRKGqt8/lBJYHvHe/ChcKLaWIkfHL6exXLhvKPEFbebt3bpSqrZ7ydSmM4kmw==",
        "dependencies": {
          "HangFire.Core": "1.7.11",
          "StackExchange.Redis": "2.1.30"
        }
      },
      "Microsoft.Extensions.Configuration": {
        "type": "Direct",
        "requested": "[3.1.9, )",
        "resolved": "3.1.9",
        "contentHash": "lqdkOGNeTMKG981Q7yWGlRiFbIlsRwTlMMiybT+WOzUCFBS/wc25tZgh7Wm/uRoBbWefgvokzmnea7ZjmFedmA==",
        "dependencies": {
          "Microsoft.Extensions.Configuration.Abstractions": "3.1.9"
        }
      },
      "Microsoft.Extensions.Hosting": {
        "type": "Direct",
        "requested": "[3.1.9, )",
        "resolved": "3.1.9",
        "contentHash": "SRpLUGa68CK7RRlxQRsprz8kfuOdb6rjl2sDlkagY7kaymPeFCf2NEgXP0LQrXvc0s1arJaaaKl/1t73JmPZDg==",
        "dependencies": {
          "Microsoft.Extensions.Configuration": "3.1.9",
          "Microsoft.Extensions.Configuration.CommandLine": "3.1.9",
          "Microsoft.Extensions.Configuration.EnvironmentVariables": "3.1.9",
          "Microsoft.Extensions.Configuration.UserSecrets": "3.1.9",
          "Microsoft.Extensions.DependencyInjection": "3.1.9",
          "Microsoft.Extensions.FileProviders.Physical": "3.1.9",
          "Microsoft.Extensions.Hosting.Abstractions": "3.1.9",
          "Microsoft.Extensions.Logging": "3.1.9",
          "Microsoft.Extensions.Logging.Console": "3.1.9",
          "Microsoft.Extensions.Logging.Debug": "3.1.9",
          "Microsoft.Extensions.Logging.EventLog": "3.1.9",
          "Microsoft.Extensions.Logging.EventSource": "3.1.9"
        }
      },
      "Microsoft.Extensions.Hosting.WindowsServices": {
        "type": "Direct",
        "requested": "[3.1.9, )",
        "resolved": "3.1.9",
        "contentHash": "F/6ELDWcW+heZmroUYuIzcfar9Jidcs3H+kjUjvchqT27mf2TiODozyS/iAw9gQ3T4CDxwDe3U/od429kWXFMA==",
        "dependencies": {
          "Microsoft.Extensions.Hosting": "3.1.9",
          "Microsoft.Extensions.Logging.EventLog": "3.1.9",
          "System.ServiceProcess.ServiceController": "4.7.0"
        }
      },
      "Sentry.AspNetCore": {
        "type": "Direct",
        "requested": "[2.1.6, )",
        "resolved": "2.1.6",
        "contentHash": "Ha/3FtpgErhh9wm1nj/rf6Y54HN9n691zJK2KV+rMdRA6MyVE86JD4vT/77aBw3WVuSJ2L4CGlFeqjoIUbF4WA==",
        "dependencies": {
          "Sentry.Extensions.Logging": "2.1.6"
        }
      },
      "Hangfire.Core": {
        "type": "Transitive",
        "resolved": "1.7.17",
        "contentHash": "xLu0FbSs3SUB/1MEWlXfPKkt+IuykLFqZhCkVH4lqNJoC8SkIXu3qxWEBLUm9IYqfpZZhFZkcBgfPdEeOQDjLg==",
        "dependencies": {
          "Newtonsoft.Json": "11.0.1"
        }
      },
      "Microsoft.Bcl.AsyncInterfaces": {
        "type": "Transitive",
        "resolved": "1.1.0",
        "contentHash": "1Am6l4Vpn3/K32daEqZI+FFr96OlZkgwK2LcT3pZ2zWubR5zTPW3/FkO1Rat9kb7oQOa4rxgl9LJHc5tspCWfg=="
      },
      "Microsoft.Extensions.Configuration.Abstractions": {
        "type": "Transitive",
        "resolved": "3.1.9",
        "contentHash": "vOJxPKczaHpXeZFrxARxYwsEulhEouXc5aZGgMdkhV/iEXX9/pfjqKk76rTG+4CsJjHV+G/4eMhvOIaQMHENNA==",
        "dependencies": {
          "Microsoft.Extensions.Primitives": "3.1.9"
        }
      },
      "Microsoft.Extensions.Configuration.Binder": {
        "type": "Transitive",
        "resolved": "3.1.9",
        "contentHash": "BG6HcT7tARYakftqfQu+cLksgIWG1NdxMY+igI12hdZrUK+WjS973NiRyuao/U9yyTeM9NPwRnC61hCmG3G3jg==",
        "dependencies": {
          "Microsoft.Extensions.Configuration": "3.1.9"
        }
      },
      "Microsoft.Extensions.Configuration.CommandLine": {
        "type": "Transitive",
        "resolved": "3.1.9",
        "contentHash": "IcYsJJMCpWSyGMVdcvXTjQ+whQRRoaE4dWdhvsUmjLIsvCIMgs0j11NPYIeayLWB6tm/V3/AkF1u3PiaU/5hcw==",
        "dependencies": {
          "Microsoft.Extensions.Configuration": "3.1.9"
        }
      },
      "Microsoft.Extensions.Configuration.EnvironmentVariables": {
        "type": "Transitive",
        "resolved": "3.1.9",
        "contentHash": "ZAtRZsyWGhdCM/PPr74hDfFLDmQgmA7B7iut0mDVBj3IgLtYD5V23vYOZd5FEXEAemQRXxJ0ZVTncZHPBa6ZiA==",
        "dependencies": {
          "Microsoft.Extensions.Configuration": "3.1.9"
        }
      },
      "Microsoft.Extensions.Configuration.FileExtensions": {
        "type": "Transitive",
        "resolved": "3.1.9",
        "contentHash": "OC07LdaPMEeKYt1a4DJAzjKXUmP5K2MS4Sg0FvLrJF+9yd3YNTWSDrb1MpBuZ3564cbJJfyldICkSwCwWQ8lIw==",
        "dependencies": {
          "Microsoft.Extensions.Configuration": "3.1.9",
          "Microsoft.Extensions.FileProviders.Physical": "3.1.9"
        }
      },
      "Microsoft.Extensions.Configuration.Json": {
        "type": "Transitive",
        "resolved": "3.1.9",
        "contentHash": "v1epO1J3qIqxwusz0gifp7hO+J2F/tBZOQAR9I1pLFDrX6NjQaYbZy4RGAU554Ntc0+lYAi0FA8CNMrQcTegYw==",
        "dependencies": {
          "Microsoft.Extensions.Configuration": "3.1.9",
          "Microsoft.Extensions.Configuration.FileExtensions": "3.1.9"
        }
      },
      "Microsoft.Extensions.Configuration.UserSecrets": {
        "type": "Transitive",
        "resolved": "3.1.9",
        "contentHash": "6HR/VgBsIaEx7Cb9KXRNrQLpI6SbVqt1Rtop04XcbJd6/3+Bk+v+wWM58ZXdRBshgPe4N6/7CbbRuATsHHdjtg==",
        "dependencies": {
          "Microsoft.Extensions.Configuration.Json": "3.1.9"
        }
      },
      "Microsoft.Extensions.DependencyInjection": {
        "type": "Transitive",
        "resolved": "3.1.9",
        "contentHash": "ORqfrAACcvTInie1oGola5uky344/PiNfgayTPuZWV4WnSfIQZJQm/ZLpGshJE3h7TqwYaYElGazK/yaM2bFLA==",
        "dependencies": {
          "Microsoft.Extensions.DependencyInjection.Abstractions": "3.1.9"
        }
      },
      "Microsoft.Extensions.DependencyInjection.Abstractions": {
        "type": "Transitive",
        "resolved": "3.1.9",
        "contentHash": "8PkcaPwiTPOhqshoY4+rQUbz86X6YpLDLUqXOezh7L2A3pgpBmeBBByYIffofBlvQxDdQ0zB2DkWjbZWyCxRWg=="
      },
      "Microsoft.Extensions.FileProviders.Abstractions": {
        "type": "Transitive",
        "resolved": "3.1.9",
        "contentHash": "Q4SGwEFZKiZbpzPgdGbQUULxtcH1zXMOwCPKSm6QwVcOCGshf3QLfBh+O/GyFH4B0RfZ16nKyeW1mMONlRyjUw==",
        "dependencies": {
          "Microsoft.Extensions.Primitives": "3.1.9"
        }
      },
      "Microsoft.Extensions.FileProviders.Physical": {
        "type": "Transitive",
        "resolved": "3.1.9",
        "contentHash": "HWDSsblTCQp7EEJJmnLzttIhFGzDu+DGqBbOvGCdFT0+pkCuBkn3EiWpEEcm5WMTO5njmsbLSK9ZuUUf2zPsFg==",
        "dependencies": {
          "Microsoft.Extensions.FileProviders.Abstractions": "3.1.9",
          "Microsoft.Extensions.FileSystemGlobbing": "3.1.9"
        }
      },
      "Microsoft.Extensions.FileSystemGlobbing": {
        "type": "Transitive",
        "resolved": "3.1.9",
        "contentHash": "5bnewG1aBiSESPNwcXGIxDDRN95uqdy+fqZZ8Z63Et5rRNlAwAfXHOrg+FTht7UjHobjvtjzquMCbAWhWEPHIw=="
      },
      "Microsoft.Extensions.Hosting.Abstractions": {
        "type": "Transitive",
        "resolved": "3.1.9",
        "contentHash": "CwYEhXkeE4SXyaZ+PuH2WqsBBL/q1EKtRd3mJLm4UOHNzmrb/Gc3zQ6o38eRY9JgrAq3AJX1EBe7jw+vpjoCbA==",
        "dependencies": {
          "Microsoft.Extensions.Configuration.Abstractions": "3.1.9",
          "Microsoft.Extensions.DependencyInjection.Abstractions": "3.1.9",
          "Microsoft.Extensions.FileProviders.Abstractions": "3.1.9",
          "Microsoft.Extensions.Logging.Abstractions": "3.1.9"
        }
      },
      "Microsoft.Extensions.Logging": {
        "type": "Transitive",
        "resolved": "3.1.9",
        "contentHash": "+V3i0jCQCO6IIOf6e+fL0SqrZd2x/Krug9EEL1JHa9R03RsbEpltCtjVY5hxedyuyuQKwvLoR12sCfu/9XEUAw==",
        "dependencies": {
          "Microsoft.Extensions.Configuration.Binder": "3.1.9",
          "Microsoft.Extensions.DependencyInjection": "3.1.9",
          "Microsoft.Extensions.Logging.Abstractions": "3.1.9",
          "Microsoft.Extensions.Options": "3.1.9"
        }
      },
      "Microsoft.Extensions.Logging.Abstractions": {
        "type": "Transitive",
        "resolved": "3.1.9",
        "contentHash": "W5fbF8qVR9SMVVJqDQLIR7meWbev6Pu/lbrm7LDNr4Sp7HOotr4k2UULTdFSXOi5aoDdkQZpWnq0ZSpjrR3tjg=="
      },
      "Microsoft.Extensions.Logging.Configuration": {
        "type": "Transitive",
        "resolved": "3.1.9",
        "contentHash": "hv6XsGgikrbkolBJdF1usl9R/nrliC5mifMqHMEY9zWcCLwNkXMJiS8p0lbosrnpVAMi4PbNx39DB51Dqscd0w==",
        "dependencies": {
          "Microsoft.Extensions.Logging": "3.1.9",
          "Microsoft.Extensions.Options.ConfigurationExtensions": "3.1.9"
        }
      },
      "Microsoft.Extensions.Logging.Console": {
        "type": "Transitive",
        "resolved": "3.1.9",
        "contentHash": "8Dusl1rkDivmvLrwj6QAo917xMHPiDBzG3IG3agiyDdtsC/fRp+1VN5iIN+O09PtEaMged2OLA6wCDwfSTSTZw==",
        "dependencies": {
          "Microsoft.Extensions.Configuration.Abstractions": "3.1.9",
          "Microsoft.Extensions.Logging": "3.1.9",
          "Microsoft.Extensions.Logging.Configuration": "3.1.9"
        }
      },
      "Microsoft.Extensions.Logging.Debug": {
        "type": "Transitive",
        "resolved": "3.1.9",
        "contentHash": "jzGaqVN6dojAAEiLJjRr/Ts1AAzEXQQ/pMyfVmhEM3yLU4jJh7hHprAVHDnpxr/BOcY46G6SvUROj0LFsnLsWQ==",
        "dependencies": {
          "Microsoft.Extensions.Logging": "3.1.9"
        }
      },
      "Microsoft.Extensions.Logging.EventLog": {
        "type": "Transitive",
        "resolved": "3.1.9",
        "contentHash": "htKOKzW1mC7jYG0ItmHUofKtTyAXiwpH72/ADf0n3QomUx+QD4qP+Bl0HSc2u3nEb1i7kJEcZ/vPPVvDzdrv3w==",
        "dependencies": {
          "Microsoft.Extensions.Logging": "3.1.9",
          "System.Diagnostics.EventLog": "4.7.0"
        }
      },
      "Microsoft.Extensions.Logging.EventSource": {
        "type": "Transitive",
        "resolved": "3.1.9",
        "contentHash": "A1Q/JTfMUCUcK9Cn7wYYq1wB+6KR/XKP3UvcsYODS3QTrYkrku4PYFbQETeU7MatRDe3LSUgtGC18RMwwYrWIQ==",
        "dependencies": {
          "Microsoft.Extensions.Logging": "3.1.9"
        }
      },
      "Microsoft.Extensions.Options": {
        "type": "Transitive",
        "resolved": "3.1.9",
        "contentHash": "EIb3G1DL+Rl9MvJR7LjI1wCy2nfTN4y8MflbOftn1HLYQBj/Rwl8kUbGTrSFE01c99Wm4ETjWVsjqKcpFvhPng==",
        "dependencies": {
          "Microsoft.Extensions.DependencyInjection.Abstractions": "3.1.9",
          "Microsoft.Extensions.Primitives": "3.1.9"
        }
      },
      "Microsoft.Extensions.Options.ConfigurationExtensions": {
        "type": "Transitive",
        "resolved": "3.1.9",
        "contentHash": "u5jh7RW+Ev81YqK1ZoBG0lftp2MA9xqXiTiRL46XzaPj2ScNUyiVbzcVY0fPbE27UOpT2hj+yPzRSOMIIo55UA==",
        "dependencies": {
          "Microsoft.Extensions.Configuration.Abstractions": "3.1.9",
          "Microsoft.Extensions.Configuration.Binder": "3.1.9",
          "Microsoft.Extensions.DependencyInjection.Abstractions": "3.1.9",
          "Microsoft.Extensions.Options": "3.1.9"
        }
      },
      "Microsoft.Extensions.Primitives": {
        "type": "Transitive",
        "resolved": "3.1.9",
        "contentHash": "IrHecH0eGG7/XoeEtv++oLg/sJHRNyeCqlA9RhAo6ig4GpOTjtDr32sBMYuuLtUq8ALahneWkrOzoBAwJ4L4iA=="
      },
      "Microsoft.NETCore.Platforms": {
        "type": "Transitive",
        "resolved": "3.1.0",
        "contentHash": "z7aeg8oHln2CuNulfhiLYxCVMPEwBl3rzicjvIX+4sUuCwvXw5oXQEtbiU2c0z4qYL5L3Kmx0mMA/+t/SbY67w=="
      },
      "Microsoft.Win32.Registry": {
        "type": "Transitive",
        "resolved": "4.7.0",
        "contentHash": "KSrRMb5vNi0CWSGG1++id2ZOs/1QhRqROt+qgbEAdQuGjGrFcl4AOl4/exGPUYz2wUnU42nvJqon1T3U0kPXLA==",
        "dependencies": {
          "System.Security.AccessControl": "4.7.0",
          "System.Security.Principal.Windows": "4.7.0"
        }
      },
      "Microsoft.Win32.SystemEvents": {
        "type": "Transitive",
        "resolved": "4.7.0",
        "contentHash": "mtVirZr++rq+XCDITMUdnETD59XoeMxSpLRIII7JRI6Yj0LEDiO1pPn0ktlnIj12Ix8bfvQqQDMMIF9wC98oCA==",
        "dependencies": {
          "Microsoft.NETCore.Platforms": "3.1.0"
        }
      },
      "Newtonsoft.Json": {
        "type": "Transitive",
        "resolved": "11.0.2",
        "contentHash": "IvJe1pj7JHEsP8B8J8DwlMEx8UInrs/x+9oVY+oCD13jpLu4JbJU2WCIsMRn5C4yW9+DgkaO8uiVE5VHKjpmdQ=="
      },
      "Pipelines.Sockets.Unofficial": {
        "type": "Transitive",
        "resolved": "2.1.6",
        "contentHash": "Yv5qRZm2V5sgfZfpoGog0BTKroPAymIWkBfAQ0hE6xAhK/uIFLJmfSMHdV4ziJglJu9VcYpbK5ENDL2x5Q6zRQ==",
        "dependencies": {
          "System.Buffers": "4.5.0",
          "System.IO.Pipelines": "4.7.0",
          "System.Runtime.CompilerServices.Unsafe": "4.7.0"
        }
      },
      "Sentry": {
        "type": "Transitive",
        "resolved": "2.1.6",
        "contentHash": "Haii3y9JZX9Z/HrHyy8r0cLj6WvTTFS4xbGI0UtItZ53yB/hGaWeXD5mvk47HAVOHeix8Gg64tguxIBCicoMAQ==",
        "dependencies": {
          "Newtonsoft.Json": "11.0.2",
          "Sentry.PlatformAbstractions": "1.1.1",
          "Sentry.Protocol": "2.1.6"
        }
      },
      "Sentry.Extensions.Logging": {
        "type": "Transitive",
        "resolved": "2.1.6",
        "contentHash": "T/6ge0vfXq8BYfyTaxGjEnu+M1Z7lXpHvdaePk8+YZ4tSGAJKTA5ofKaZhDkosrBRYQc7KhBf5sZZeC6/xbGcA==",
        "dependencies": {
          "Microsoft.Extensions.Logging.Configuration": "3.0.0",
          "Sentry": "2.1.6"
        }
      },
      "Sentry.PlatformAbstractions": {
        "type": "Transitive",
        "resolved": "1.1.1",
        "contentHash": "ug99ZPdcQQY2Q2smO5tWfxUdMQF8f90UdCKMSfhucJVOAQtKWM0rXcqLvVZRlXDzeB/xNQWLSuw56I5MuaOS9g=="
      },
      "Sentry.Protocol": {
        "type": "Transitive",
        "resolved": "2.1.6",
        "contentHash": "AXVI9e/mYp5NI/r+Tfk//YyXGGCUxq698xnOuJbiDUJ2FYw88BdB1Ewmv29pA8FTh/MLBWTPIwTVBWMouZrQBA=="
      },
      "StackExchange.Redis": {
        "type": "Transitive",
        "resolved": "2.1.30",
        "contentHash": "eO9cvk0xxZ3pVFsIPC79Uf+Nb7Kw8fGHQXe5Sna9iN7bWi6InA76bcNBR7QaDiIZe4PKguk9pg8PYhkZSX+dsA==",
        "dependencies": {
          "Microsoft.Bcl.AsyncInterfaces": "1.1.0",
          "Pipelines.Sockets.Unofficial": "2.1.6",
          "System.Diagnostics.PerformanceCounter": "4.7.0",
          "System.IO.Pipelines": "4.7.0",
          "System.Threading.Channels": "4.7.0"
        }
      },
      "System.Buffers": {
        "type": "Transitive",
        "resolved": "4.5.0",
        "contentHash": "pL2ChpaRRWI/p4LXyy4RgeWlYF2sgfj/pnVMvBqwNFr5cXg7CXNnWZWxrOONLg8VGdFB8oB+EG2Qw4MLgTOe+A=="
      },
      "System.Configuration.ConfigurationManager": {
        "type": "Transitive",
        "resolved": "4.7.0",
        "contentHash": "/anOTeSZCNNI2zDilogWrZ8pNqCmYbzGNexUnNhjW8k0sHqEZ2nHJBp147jBV3hGYswu5lINpNg1vxR7bnqvVA==",
        "dependencies": {
          "System.Security.Cryptography.ProtectedData": "4.7.0",
          "System.Security.Permissions": "4.7.0"
        }
      },
      "System.Diagnostics.EventLog": {
        "type": "Transitive",
        "resolved": "4.7.0",
        "contentHash": "iDoKGQcRwX0qwY+eAEkaJGae0d/lHlxtslO+t8pJWAUxlvY3tqLtVOPnW2UU4cFjP0Y/L1QBqhkZfSyGqVMR2w==",
        "dependencies": {
          "Microsoft.NETCore.Platforms": "3.1.0",
          "Microsoft.Win32.Registry": "4.7.0",
          "System.Security.Principal.Windows": "4.7.0"
        }
      },
      "System.Diagnostics.PerformanceCounter": {
        "type": "Transitive",
        "resolved": "4.7.0",
        "contentHash": "kE9szT4i3TYT9bDE/BPfzg9/BL6enMiZlcUmnUEBrhRtxWvurKoa8qhXkLTRhrxMzBqaDleWlRfIPE02tulU+w==",
        "dependencies": {
          "Microsoft.NETCore.Platforms": "3.1.0",
          "Microsoft.Win32.Registry": "4.7.0",
          "System.Configuration.ConfigurationManager": "4.7.0",
          "System.Security.Principal.Windows": "4.7.0"
        }
      },
      "System.Drawing.Common": {
        "type": "Transitive",
        "resolved": "4.7.0",
        "contentHash": "v+XbyYHaZjDfn0ENmJEV1VYLgGgCTx1gnfOBcppowbpOAriglYgGCvFCPr2EEZyBvXlpxbEsTwkOlInl107ahA==",
        "dependencies": {
          "Microsoft.NETCore.Platforms": "3.1.0",
          "Microsoft.Win32.SystemEvents": "4.7.0"
        }
      },
      "System.IO.Pipelines": {
        "type": "Transitive",
        "resolved": "4.7.0",
        "contentHash": "S0L7oyWyQdVzD+5xIvcC8h44Vc+FY+qXDCLRh2+YsuBDORNphcxNX+tXR6ByLMjQ/7jDaXxsYBF6qbAr7ZIaFw=="
      },
      "System.Runtime.CompilerServices.Unsafe": {
        "type": "Transitive",
        "resolved": "4.7.0",
        "contentHash": "IpU1lcHz8/09yDr9N+Juc7SCgNUz+RohkCQI+KsWKR67XxpFr8Z6c8t1iENCXZuRuNCc4HBwme/MDHNVCwyAKg=="
      },
      "System.Security.AccessControl": {
        "type": "Transitive",
        "resolved": "4.7.0",
        "contentHash": "JECvTt5aFF3WT3gHpfofL2MNNP6v84sxtXxpqhLBCcDRzqsPBmHhQ6shv4DwwN2tRlzsUxtb3G9M3763rbXKDg==",
        "dependencies": {
          "Microsoft.NETCore.Platforms": "3.1.0",
          "System.Security.Principal.Windows": "4.7.0"
        }
      },
      "System.Security.Cryptography.ProtectedData": {
        "type": "Transitive",
        "resolved": "4.7.0",
        "contentHash": "ehYW0m9ptxpGWvE4zgqongBVWpSDU/JCFD4K7krxkQwSz/sFQjEXCUqpvencjy6DYDbn7Ig09R8GFffu8TtneQ=="
      },
      "System.Security.Permissions": {
        "type": "Transitive",
        "resolved": "4.7.0",
        "contentHash": "dkOV6YYVBnYRa15/yv004eCGRBVADXw8qRbbNiCn/XpdJSUXkkUeIvdvFHkvnko4CdKMqG8yRHC4ox83LSlMsQ==",
        "dependencies": {
          "System.Security.AccessControl": "4.7.0",
          "System.Windows.Extensions": "4.7.0"
        }
      },
      "System.Security.Principal.Windows": {
        "type": "Transitive",
        "resolved": "4.7.0",
        "contentHash": "ojD0PX0XhneCsUbAZVKdb7h/70vyYMDYs85lwEI+LngEONe/17A0cFaRFqZU+sOEidcVswYWikYOQ9PPfjlbtQ=="
      },
      "System.ServiceProcess.ServiceController": {
        "type": "Transitive",
        "resolved": "4.7.0",
        "contentHash": "FuYfwENKZqWxGtYU5Vay2ai2dPWLKzRgI+WZkjceN3jaTK9ZVYnV1GRMTtN3Qodm9RT0gOiN8WoHGNXzTaZ+fw==",
        "dependencies": {
          "System.Diagnostics.EventLog": "4.7.0"
        }
      },
      "System.Threading.Channels": {
        "type": "Transitive",
        "resolved": "4.7.0",
        "contentHash": "gdOOXBhtt2UpTxYJm1DRmoqNfYg5ypvhzhVt0vxKhzxXFjS81r8yIOSFsJYLRa1Jc14GBAqCnjxJstO3zBN7gg=="
      },
      "System.Windows.Extensions": {
        "type": "Transitive",
        "resolved": "4.7.0",
        "contentHash": "CeWTdRNfRaSh0pm2gDTJFwVaXfTq6Xwv/sA887iwPTneW7oMtMlpvDIO+U60+3GWTB7Aom6oQwv5VZVUhQRdPQ==",
        "dependencies": {
          "System.Drawing.Common": "4.7.0"
        }
      },
      "core": {
        "type": "Project",
        "dependencies": {
          "Hangfire.Core": "1.7.17"
        }
      }
    }
  }
}